// !$*UTF8*$!
{
	archiveVersion = 1;
	classes = {
	};
	objectVersion = 56;
	objects = {

/* Begin PBXBuildFile section */
		84560FC12A60891900496A11 /* AppDelegate.swift in Sources */ = {isa = PBXBuildFile; fileRef = 84560FC02A60891900496A11 /* AppDelegate.swift */; };
		84560FC32A60891900496A11 /* SceneDelegate.swift in Sources */ = {isa = PBXBuildFile; fileRef = 84560FC22A60891900496A11 /* SceneDelegate.swift */; };
		84560FC52A60891900496A11 /* ViewController.swift in Sources */ = {isa = PBXBuildFile; fileRef = 84560FC42A60891900496A11 /* ViewController.swift */; };
		84560FCA2A60891C00496A11 /* Assets.xcassets in Resources */ = {isa = PBXBuildFile; fileRef = 84560FC92A60891C00496A11 /* Assets.xcassets */; };
		84560FCD2A60891C00496A11 /* LaunchScreen.storyboard in Resources */ = {isa = PBXBuildFile; fileRef = 84560FCB2A60891C00496A11 /* LaunchScreen.storyboard */; };
		84560FDC2A608CD900496A11 /* SnapKit in Frameworks */ = {isa = PBXBuildFile; productRef = 84560FDB2A608CD900496A11 /* SnapKit */; };
		84560FDE2A60950700496A11 /* Model.swift in Sources */ = {isa = PBXBuildFile; fileRef = 84560FDD2A60950700496A11 /* Model.swift */; };
		84560FE62A6096A000496A11 /* AlbumCell.swift in Sources */ = {isa = PBXBuildFile; fileRef = 84560FE52A6096A000496A11 /* AlbumCell.swift */; };
		84560FE82A6096BE00496A11 /* TableCell.swift in Sources */ = {isa = PBXBuildFile; fileRef = 84560FE72A6096BE00496A11 /* TableCell.swift */; };
/* End PBXBuildFile section */

/* Begin PBXFileReference section */
		84560FBD2A60891900496A11 /* IOS10-HW14-Maria Glushtsova.app */ = {isa = PBXFileReference; explicitFileType = wrapper.application; includeInIndex = 0; path = "IOS10-HW14-Maria Glushtsova.app"; sourceTree = BUILT_PRODUCTS_DIR; };
		84560FC02A60891900496A11 /* AppDelegate.swift */ = {isa = PBXFileReference; lastKnownFileType = sourcecode.swift; path = AppDelegate.swift; sourceTree = "<group>"; };
		84560FC22A60891900496A11 /* SceneDelegate.swift */ = {isa = PBXFileReference; lastKnownFileType = sourcecode.swift; path = SceneDelegate.swift; sourceTree = "<group>"; };
		84560FC42A60891900496A11 /* ViewController.swift */ = {isa = PBXFileReference; lastKnownFileType = sourcecode.swift; path = ViewController.swift; sourceTree = "<group>"; };
		84560FC92A60891C00496A11 /* Assets.xcassets */ = {isa = PBXFileReference; lastKnownFileType = folder.assetcatalog; path = Assets.xcassets; sourceTree = "<group>"; };
		84560FCC2A60891C00496A11 /* Base */ = {isa = PBXFileReference; lastKnownFileType = file.storyboard; name = Base; path = Base.lproj/LaunchScreen.storyboard; sourceTree = "<group>"; };
		84560FCE2A60891C00496A11 /* Info.plist */ = {isa = PBXFileReference; lastKnownFileType = text.plist.xml; path = Info.plist; sourceTree = "<group>"; };
		84560FDD2A60950700496A11 /* Model.swift */ = {isa = PBXFileReference; lastKnownFileType = sourcecode.swift; path = Model.swift; sourceTree = "<group>"; };
		84560FE52A6096A000496A11 /* AlbumCell.swift */ = {isa = PBXFileReference; lastKnownFileType = sourcecode.swift; path = AlbumCell.swift; sourceTree = "<group>"; };
		84560FE72A6096BE00496A11 /* TableCell.swift */ = {isa = PBXFileReference; lastKnownFileType = sourcecode.swift; path = TableCell.swift; sourceTree = "<group>"; };
/* End PBXFileReference section */

/* Begin PBXFrameworksBuildPhase section */
		84560FBA2A60891900496A11 /* Frameworks */ = {
			isa = PBXFrameworksBuildPhase;
			buildActionMask = 2147483647;
			files = (
				84560FDC2A608CD900496A11 /* SnapKit in Frameworks */,
			);
			runOnlyForDeploymentPostprocessing = 0;
		};
/* End PBXFrameworksBuildPhase section */

/* Begin PBXGroup section */
		84560FB42A60891900496A11 = {
			isa = PBXGroup;
			children = (
				84560FBF2A60891900496A11 /* IOS10-HW14-Maria Glushtsova */,
				84560FBE2A60891900496A11 /* Products */,
			);
			sourceTree = "<group>";
		};
		84560FBE2A60891900496A11 /* Products */ = {
			isa = PBXGroup;
			children = (
				84560FBD2A60891900496A11 /* IOS10-HW14-Maria Glushtsova.app */,
			);
			name = Products;
			sourceTree = "<group>";
		};
		84560FBF2A60891900496A11 /* IOS10-HW14-Maria Glushtsova */ = {
			isa = PBXGroup;
			children = (
				84560FD92A608C7E00496A11 /* Sources */,
				84560FD62A608C0800496A11 /* Resources */,
				84560FD72A608C2600496A11 /* Storyboards */,
			);
			path = "IOS10-HW14-Maria Glushtsova";
			sourceTree = "<group>";
		};
		84560FD42A608BC700496A11 /* App */ = {
			isa = PBXGroup;
			children = (
				84560FC02A60891900496A11 /* AppDelegate.swift */,
				84560FC22A60891900496A11 /* SceneDelegate.swift */,
			);
			path = App;
			sourceTree = "<group>";
		};
		84560FD52A608BFA00496A11 /* Configuration */ = {
			isa = PBXGroup;
			children = (
				84560FCE2A60891C00496A11 /* Info.plist */,
			);
			path = Configuration;
			sourceTree = "<group>";
		};
		84560FD62A608C0800496A11 /* Resources */ = {
			isa = PBXGroup;
			children = (
				84560FC92A60891C00496A11 /* Assets.xcassets */,
				84560FD52A608BFA00496A11 /* Configuration */,
			);
			path = Resources;
			sourceTree = "<group>";
		};
		84560FD72A608C2600496A11 /* Storyboards */ = {
			isa = PBXGroup;
			children = (
				84560FCB2A60891C00496A11 /* LaunchScreen.storyboard */,
			);
			path = Storyboards;
			sourceTree = "<group>";
		};
		84560FD82A608C7100496A11 /* View */ = {
			isa = PBXGroup;
			children = (
				84560FC42A60891900496A11 /* ViewController.swift */,
			);
			path = View;
			sourceTree = "<group>";
		};
		84560FD92A608C7E00496A11 /* Sources */ = {
			isa = PBXGroup;
			children = (
				84560FD42A608BC700496A11 /* App */,
				84560FD82A608C7100496A11 /* View */,
				84560FE22A6095B600496A11 /* Cell */,
				84560FDF2A60950B00496A11 /* Model */,
			);
			path = Sources;
			sourceTree = "<group>";
		};
		84560FDF2A60950B00496A11 /* Model */ = {
			isa = PBXGroup;
			children = (
				84560FDD2A60950700496A11 /* Model.swift */,
			);
			path = Model;
			sourceTree = "<group>";
		};
		84560FE22A6095B600496A11 /* Cell */ = {
			isa = PBXGroup;
			children = (
				84560FE52A6096A000496A11 /* AlbumCell.swift */,
				84560FE72A6096BE00496A11 /* TableCell.swift */,
			);
			path = Cell;
			sourceTree = "<group>";
		};
/* End PBXGroup section */

/* Begin PBXNativeTarget section */
		84560FBC2A60891900496A11 /* IOS10-HW14-Maria Glushtsova */ = {
			isa = PBXNativeTarget;
			buildConfigurationList = 84560FD12A60891C00496A11 /* Build configuration list for PBXNativeTarget "IOS10-HW14-Maria Glushtsova" */;
			buildPhases = (
				84560FB92A60891900496A11 /* Sources */,
				84560FBA2A60891900496A11 /* Frameworks */,
				84560FBB2A60891900496A11 /* Resources */,
			);
			buildRules = (
			);
			dependencies = (
			);
			name = "IOS10-HW14-Maria Glushtsova";
			packageProductDependencies = (
				84560FDB2A608CD900496A11 /* SnapKit */,
			);
			productName = "IOS10-HW14-Maria Glushtsova";
			productReference = 84560FBD2A60891900496A11 /* IOS10-HW14-Maria Glushtsova.app */;
			productType = "com.apple.product-type.application";
		};
/* End PBXNativeTarget section */

/* Begin PBXProject section */
		84560FB52A60891900496A11 /* Project object */ = {
			isa = PBXProject;
			attributes = {
				BuildIndependentTargetsInParallel = 1;
				LastSwiftUpdateCheck = 1430;
				LastUpgradeCheck = 1430;
				TargetAttributes = {
					84560FBC2A60891900496A11 = {
						CreatedOnToolsVersion = 14.3.1;
					};
				};
			};
			buildConfigurationList = 84560FB82A60891900496A11 /* Build configuration list for PBXProject "IOS10-HW14-Maria Glushtsova" */;
			compatibilityVersion = "Xcode 14.0";
			developmentRegion = en;
			hasScannedForEncodings = 0;
			knownRegions = (
				en,
				Base,
			);
			mainGroup = 84560FB42A60891900496A11;
			packageReferences = (
				84560FDA2A608CD900496A11 /* XCRemoteSwiftPackageReference "SnapKit" */,
			);
			productRefGroup = 84560FBE2A60891900496A11 /* Products */;
			projectDirPath = "";
			projectRoot = "";
			targets = (
				84560FBC2A60891900496A11 /* IOS10-HW14-Maria Glushtsova */,
			);
		};
/* End PBXProject section */

/* Begin PBXResourcesBuildPhase section */
		84560FBB2A60891900496A11 /* Resources */ = {
			isa = PBXResourcesBuildPhase;
			buildActionMask = 2147483647;
			files = (
				84560FCD2A60891C00496A11 /* LaunchScreen.storyboard in Resources */,
				84560FCA2A60891C00496A11 /* Assets.xcassets in Resources */,
			);
			runOnlyForDeploymentPostprocessing = 0;
		};
/* End PBXResourcesBuildPhase section */

/* Begin PBXSourcesBuildPhase section */
		84560FB92A60891900496A11 /* Sources */ = {
			isa = PBXSourcesBuildPhase;
			buildActionMask = 2147483647;
			files = (
				84560FE82A6096BE00496A11 /* TableCell.swift in Sources */,
				84560FC52A60891900496A11 /* ViewController.swift in Sources */,
				84560FC12A60891900496A11 /* AppDelegate.swift in Sources */,
				84560FC32A60891900496A11 /* SceneDelegate.swift in Sources */,
				84560FDE2A60950700496A11 /* Model.swift in Sources */,
				84560FE62A6096A000496A11 /* AlbumCell.swift in Sources */,
			);
			runOnlyForDeploymentPostprocessing = 0;
		};
/* End PBXSourcesBuildPhase section */

/* Begin PBXVariantGroup section */
		84560FCB2A60891C00496A11 /* LaunchScreen.storyboard */ = {
			isa = PBXVariantGroup;
			children = (
				84560FCC2A60891C00496A11 /* Base */,
			);
			name = LaunchScreen.storyboard;
			sourceTree = "<group>";
		};
/* End PBXVariantGroup section */

/* Begin XCBuildConfiguration section */
		84560FCF2A60891C00496A11 /* Debug */ = {
			isa = XCBuildConfiguration;
			buildSettings = {
				ALWAYS_SEARCH_USER_PATHS = NO;
				CLANG_ANALYZER_NONNULL = YES;
				CLANG_ANALYZER_NUMBER_OBJECT_CONVERSION = YES_AGGRESSIVE;
				CLANG_CXX_LANGUAGE_STANDARD = "gnu++20";
				CLANG_ENABLE_MODULES = YES;
				CLANG_ENABLE_OBJC_ARC = YES;
				CLANG_ENABLE_OBJC_WEAK = YES;
				CLANG_WARN_BLOCK_CAPTURE_AUTORELEASING = YES;
				CLANG_WARN_BOOL_CONVERSION = YES;
				CLANG_WARN_COMMA = YES;
				CLANG_WARN_CONSTANT_CONVERSION = YES;
				CLANG_WARN_DEPRECATED_OBJC_IMPLEMENTATIONS = YES;
				CLANG_WARN_DIRECT_OBJC_ISA_USAGE = YES_ERROR;
				CLANG_WARN_DOCUMENTATION_COMMENTS = YES;
				CLANG_WARN_EMPTY_BODY = YES;
				CLANG_WARN_ENUM_CONVERSION = YES;
				CLANG_WARN_INFINITE_RECURSION = YES;
				CLANG_WARN_INT_CONVERSION = YES;
				CLANG_WARN_NON_LITERAL_NULL_CONVERSION = YES;
				CLANG_WARN_OBJC_IMPLICIT_RETAIN_SELF = YES;
				CLANG_WARN_OBJC_LITERAL_CONVERSION = YES;
				CLANG_WARN_OBJC_ROOT_CLASS = YES_ERROR;
				CLANG_WARN_QUOTED_INCLUDE_IN_FRAMEWORK_HEADER = YES;
				CLANG_WARN_RANGE_LOOP_ANALYSIS = YES;
				CLANG_WARN_STRICT_PROTOTYPES = YES;
				CLANG_WARN_SUSPICIOUS_MOVE = YES;
				CLANG_WARN_UNGUARDED_AVAILABILITY = YES_AGGRESSIVE;
				CLANG_WARN_UNREACHABLE_CODE = YES;
				CLANG_WARN__DUPLICATE_METHOD_MATCH = YES;
				COPY_PHASE_STRIP = NO;
				DEBUG_INFORMATION_FORMAT = dwarf;
				ENABLE_STRICT_OBJC_MSGSEND = YES;
				ENABLE_TESTABILITY = YES;
				GCC_C_LANGUAGE_STANDARD = gnu11;
				GCC_DYNAMIC_NO_PIC = NO;
				GCC_NO_COMMON_BLOCKS = YES;
				GCC_OPTIMIZATION_LEVEL = 0;
				GCC_PREPROCESSOR_DEFINITIONS = (
					"DEBUG=1",
					"$(inherited)",
				);
				GCC_WARN_64_TO_32_BIT_CONVERSION = YES;
				GCC_WARN_ABOUT_RETURN_TYPE = YES_ERROR;
				GCC_WARN_UNDECLARED_SELECTOR = YES;
				GCC_WARN_UNINITIALIZED_AUTOS = YES_AGGRESSIVE;
				GCC_WARN_UNUSED_FUNCTION = YES;
				GCC_WARN_UNUSED_VARIABLE = YES;
				IPHONEOS_DEPLOYMENT_TARGET = 16.4;
				MTL_ENABLE_DEBUG_INFO = INCLUDE_SOURCE;
				MTL_FAST_MATH = YES;
				ONLY_ACTIVE_ARCH = YES;
				SDKROOT = iphoneos;
				SWIFT_ACTIVE_COMPILATION_CONDITIONS = DEBUG;
				SWIFT_OPTIMIZATION_LEVEL = "-Onone";
			};
			name = Debug;
		};
		84560FD02A60891C00496A11 /* Release */ = {
			isa = XCBuildConfiguration;
			buildSettings = {
				ALWAYS_SEARCH_USER_PATHS = NO;
				CLANG_ANALYZER_NONNULL = YES;
				CLANG_ANALYZER_NUMBER_OBJECT_CONVERSION = YES_AGGRESSIVE;
				CLANG_CXX_LANGUAGE_STANDARD = "gnu++20";
				CLANG_ENABLE_MODULES = YES;
				CLANG_ENABLE_OBJC_ARC = YES;
				CLANG_ENABLE_OBJC_WEAK = YES;
				CLANG_WARN_BLOCK_CAPTURE_AUTORELEASING = YES;
				CLANG_WARN_BOOL_CONVERSION = YES;
				CLANG_WARN_COMMA = YES;
				CLANG_WARN_CONSTANT_CONVERSION = YES;
				CLANG_WARN_DEPRECATED_OBJC_IMPLEMENTATIONS = YES;
				CLANG_WARN_DIRECT_OBJC_ISA_USAGE = YES_ERROR;
				CLANG_WARN_DOCUMENTATION_COMMENTS = YES;
				CLANG_WARN_EMPTY_BODY = YES;
				CLANG_WARN_ENUM_CONVERSION = YES;
				CLANG_WARN_INFINITE_RECURSION = YES;
				CLANG_WARN_INT_CONVERSION = YES;
				CLANG_WARN_NON_LITERAL_NULL_CONVERSION = YES;
				CLANG_WARN_OBJC_IMPLICIT_RETAIN_SELF = YES;
				CLANG_WARN_OBJC_LITERAL_CONVERSION = YES;
				CLANG_WARN_OBJC_ROOT_CLASS = YES_ERROR;
				CLANG_WARN_QUOTED_INCLUDE_IN_FRAMEWORK_HEADER = YES;
				CLANG_WARN_RANGE_LOOP_ANALYSIS = YES;
				CLANG_WARN_STRICT_PROTOTYPES = YES;
				CLANG_WARN_SUSPICIOUS_MOVE = YES;
				CLANG_WARN_UNGUARDED_AVAILABILITY = YES_AGGRESSIVE;
				CLANG_WARN_UNREACHABLE_CODE = YES;
				CLANG_WARN__DUPLICATE_METHOD_MATCH = YES;
				COPY_PHASE_STRIP = NO;
				DEBUG_INFORMATION_FORMAT = "dwarf-with-dsym";
				ENABLE_NS_ASSERTIONS = NO;
				ENABLE_STRICT_OBJC_MSGSEND = YES;
				GCC_C_LANGUAGE_STANDARD = gnu11;
				GCC_NO_COMMON_BLOCKS = YES;
				GCC_WARN_64_TO_32_BIT_CONVERSION = YES;
				GCC_WARN_ABOUT_RETURN_TYPE = YES_ERROR;
				GCC_WARN_UNDECLARED_SELECTOR = YES;
				GCC_WARN_UNINITIALIZED_AUTOS = YES_AGGRESSIVE;
				GCC_WARN_UNUSED_FUNCTION = YES;
				GCC_WARN_UNUSED_VARIABLE = YES;
				IPHONEOS_DEPLOYMENT_TARGET = 16.4;
				MTL_ENABLE_DEBUG_INFO = NO;
				MTL_FAST_MATH = YES;
				SDKROOT = iphoneos;
				SWIFT_COMPILATION_MODE = wholemodule;
				SWIFT_OPTIMIZATION_LEVEL = "-O";
				VALIDATE_PRODUCT = YES;
			};
			name = Release;
		};
		84560FD22A60891C00496A11 /* Debug */ = {
			isa = XCBuildConfiguration;
			buildSettings = {
				ASSETCATALOG_COMPILER_APPICON_NAME = AppIcon;
				ASSETCATALOG_COMPILER_GLOBAL_ACCENT_COLOR_NAME = AccentColor;
				CODE_SIGN_STYLE = Automatic;
				CURRENT_PROJECT_VERSION = 1;
				GENERATE_INFOPLIST_FILE = YES;
				INFOPLIST_FILE = "IOS10-HW14-Maria Glushtsova/Resources/Configuration/Info.plist";
				INFOPLIST_KEY_UIApplicationSupportsIndirectInputEvents = YES;
				INFOPLIST_KEY_UILaunchStoryboardName = LaunchScreen;
				INFOPLIST_KEY_UISupportedInterfaceOrientations_iPad = "UIInterfaceOrientationPortrait UIInterfaceOrientationPortraitUpsideDown UIInterfaceOrientationLandscapeLeft UIInterfaceOrientationLandscapeRight";
				INFOPLIST_KEY_UISupportedInterfaceOrientations_iPhone = "UIInterfaceOrientationPortrait UIInterfaceOrientationLandscapeLeft UIInterfaceOrientationLandscapeRight";
				IPHONEOS_DEPLOYMENT_TARGET = 15.0;
				LD_RUNPATH_SEARCH_PATHS = (
					"$(inherited)",
					"@executable_path/Frameworks",
				);
				MARKETING_VERSION = 1.0;
				PRODUCT_BUNDLE_IDENTIFIER = "com.my.IOS10-HW14-Maria-Glushtsova";
				PRODUCT_NAME = "$(TARGET_NAME)";
				SWIFT_EMIT_LOC_STRINGS = YES;
				SWIFT_VERSION = 5.0;
				TARGETED_DEVICE_FAMILY = "1,2";
			};
			name = Debug;
		};
		84560FD32A60891C00496A11 /* Release */ = {
			isa = XCBuildConfiguration;
			buildSettings = {
				ASSETCATALOG_COMPILER_APPICON_NAME = AppIcon;
				ASSETCATALOG_COMPILER_GLOBAL_ACCENT_COLOR_NAME = AccentColor;
				CODE_SIGN_STYLE = Automatic;
				CURRENT_PROJECT_VERSION = 1;
				GENERATE_INFOPLIST_FILE = YES;
				INFOPLIST_FILE = "IOS10-HW14-Maria Glushtsova/Resources/Configuration/Info.plist";
				INFOPLIST_KEY_UIApplicationSupportsIndirectInputEvents = YES;
				INFOPLIST_KEY_UILaunchStoryboardName = LaunchScreen;
				INFOPLIST_KEY_UISupportedInterfaceOrientations_iPad = "UIInterfaceOrientationPortrait UIInterfaceOrientationPortraitUpsideDown UIInterfaceOrientationLandscapeLeft UIInterfaceOrientationLandscapeRight";
				INFOPLIST_KEY_UISupportedInterfaceOrientations_iPhone = "UIInterfaceOrientationPortrait UIInterfaceOrientationLandscapeLeft UIInterfaceOrientationLandscapeRight";
				IPHONEOS_DEPLOYMENT_TARGET = 15.0;
				LD_RUNPATH_SEARCH_PATHS = (
					"$(inherited)",
					"@executable_path/Frameworks",
				);
				MARKETING_VERSION = 1.0;
				PRODUCT_BUNDLE_IDENTIFIER = "com.my.IOS10-HW14-Maria-Glushtsova";
				PRODUCT_NAME = "$(TARGET_NAME)";
				SWIFT_EMIT_LOC_STRINGS = YES;
				SWIFT_VERSION = 5.0;
				TARGETED_DEVICE_FAMILY = "1,2";
			};
			name = Release;
		};
/* End XCBuildConfiguration section */

/* Begin XCConfigurationList section */
		84560FB82A60891900496A11 /* Build configuration list for PBXProject "IOS10-HW14-Maria Glushtsova" */ = {
			isa = XCConfigurationList;
			buildConfigurations = (
				84560FCF2A60891C00496A11 /* Debug */,
				84560FD02A60891C00496A11 /* Release */,
			);
			defaultConfigurationIsVisible = 0;
			defaultConfigurationName = Release;
		};
		84560FD12A60891C00496A11 /* Build configuration list for PBXNativeTarget "IOS10-HW14-Maria Glushtsova" */ = {
			isa = XCConfigurationList;
			buildConfigurations = (
				84560FD22A60891C00496A11 /* Debug */,
				84560FD32A60891C00496A11 /* Release */,
			);
			defaultConfigurationIsVisible = 0;
			defaultConfigurationName = Release;
		};
/* End XCConfigurationList section */

/* Begin XCRemoteSwiftPackageReference section */
		84560FDA2A608CD900496A11 /* XCRemoteSwiftPackageReference "SnapKit" */ = {
			isa = XCRemoteSwiftPackageReference;
			repositoryURL = "https://github.com/SnapKit/SnapKit.git";
			requirement = {
				kind = upToNextMajorVersion;
				minimumVersion = 5.0.0;
			};
		};
/* End XCRemoteSwiftPackageReference section */

/* Begin XCSwiftPackageProductDependency section */
		84560FDB2A608CD900496A11 /* SnapKit */ = {
			isa = XCSwiftPackageProductDependency;
			package = 84560FDA2A608CD900496A11 /* XCRemoteSwiftPackageReference "SnapKit" */;
			productName = SnapKit;
		};
/* End XCSwiftPackageProductDependency section */
	};
	rootObject = 84560FB52A60891900496A11 /* Project object */;
}
